
Microsoft Visual Studio Solution File, Format Version 12.00
# Visual Studio Version 17
VisualStudioVersion = 17.10.35004.147
MinimumVisualStudioVersion = 10.0.40219.1
Project("{FAE04EC0-301F-11D3-BF4B-00C04F79EFBC}") = "Task1", "Task1\Task1.csproj", "{196D6739-4A0C-4557-8C06-C5B1D5862577}"
EndProject
Global
	GlobalSection(SolutionConfigurationPlatforms) = preSolution
		Debug|Any CPU = Debug|Any CPU
		Release|Any CPU = Release|Any CPU
	EndGlobalSection
	GlobalSection(ProjectConfigurationPlatforms) = postSolution
		{196D6739-4A0C-4557-8C06-C5B1D5862577}.Debug|Any CPU.ActiveCfg = Debug|Any CPU
		{196D6739-4A0C-4557-8C06-C5B1D5862577}.Debug|Any CPU.Build.0 = Debug|Any CPU
		{196D6739-4A0C-4557-8C06-C5B1D5862577}.Release|Any CPU.ActiveCfg = Release|Any CPU
		{196D6739-4A0C-4557-8C06-C5B1D5862577}.Release|Any CPU.Build.0 = Release|Any CPU
	EndGlobalSection
	GlobalSection(SolutionProperties) = preSolution
		HideSolutionNode = FALSE
	EndGlobalSection
	GlobalSection(ExtensibilityGlobals) = postSolution
		SolutionGuid = {D2F46D28-B8F6-4C8E-B981-ED29680C1720}
	EndGlobalSection
EndGlobal
